<Solution>
  <Folder Name="/example/">
    <Project Path="example\Fluffy.Sample.csproj" />
  </Folder>
  <Folder Name="/Solution Items/">
    <File Path=".editorconfig" />
    <File Path=".gitattributes" />
    <File Path=".github\copilot-instructions.md" />
    <File Path=".gitignore" />
    <File Path="AGENTS.md" />
    <File Path="Directory.Build.props" />
    <File Path="LICENSE" />
    <File Path="README.md" />
  </Folder>
  <Folder Name="/src/">
    <Project Path="src\Fluffy.csproj" />
  </Folder>
  <Folder Name="/tests/">
    <Project Path="tests\Fluffy.Tests\Fluffy.Tests.csproj" />
  </Folder>
</Solution>
